// !$*UTF8*$!
{
	archiveVersion = 1;
	classes = {
	};
	objectVersion = 50;
	objects = {

/* Begin PBXBuildFile section */
		7694E605232FF2770068B81B /* GuideSelectedNew@1x.png in Resources */ = {isa = PBXBuildFile; fileRef = 7694E604232FF2760068B81B /* GuideSelectedNew@1x.png */; };
		7694E609232FFA4D0068B81B /* point.png in Resources */ = {isa = PBXBuildFile; fileRef = 7694E608232FFA4D0068B81B /* point.png */; };
		76BF091C232F9D810066E0A0 /* AppDelegate.swift in Sources */ = {isa = PBXBuildFile; fileRef = 76BF091B232F9D810066E0A0 /* AppDelegate.swift */; };
		76BF091E232F9D810066E0A0 /* ViewController.swift in Sources */ = {isa = PBXBuildFile; fileRef = 76BF091D232F9D810066E0A0 /* ViewController.swift */; };
		76BF0921232F9D810066E0A0 /* Main.storyboard in Resources */ = {isa = PBXBuildFile; fileRef = 76BF091F232F9D810066E0A0 /* Main.storyboard */; };
		76BF0923232F9D820066E0A0 /* Assets.xcassets in Resources */ = {isa = PBXBuildFile; fileRef = 76BF0922232F9D820066E0A0 /* Assets.xcassets */; };
		76BF0926232F9D820066E0A0 /* LaunchScreen.storyboard in Resources */ = {isa = PBXBuildFile; fileRef = 76BF0924232F9D820066E0A0 /* LaunchScreen.storyboard */; };
		76BF0931232F9D830066E0A0 /* MapsTests.swift in Sources */ = {isa = PBXBuildFile; fileRef = 76BF0930232F9D830066E0A0 /* MapsTests.swift */; };
		76BF093C232F9D830066E0A0 /* MapsUITests.swift in Sources */ = {isa = PBXBuildFile; fileRef = 76BF093B232F9D830066E0A0 /* MapsUITests.swift */; };
		76DB5FA2234CB2EA00CF1FC2 /* HBVLinkedTextView.m in Sources */ = {isa = PBXBuildFile; fileRef = 76DB5FA1234CB2EA00CF1FC2 /* HBVLinkedTextView.m */; };
/* End PBXBuildFile section */

/* Begin PBXContainerItemProxy section */
		76BF092D232F9D830066E0A0 /* PBXContainerItemProxy */ = {
			isa = PBXContainerItemProxy;
			containerPortal = 76BF0910232F9D810066E0A0 /* Project object */;
			proxyType = 1;
			remoteGlobalIDString = 76BF0917232F9D810066E0A0;
			remoteInfo = Maps;
		};
		76BF0938232F9D830066E0A0 /* PBXContainerItemProxy */ = {
			isa = PBXContainerItemProxy;
			containerPortal = 76BF0910232F9D810066E0A0 /* Project object */;
			proxyType = 1;
			remoteGlobalIDString = 76BF0917232F9D810066E0A0;
			remoteInfo = Maps;
		};
/* End PBXContainerItemProxy section */

/* Begin PBXFileReference section */
		7694E604232FF2760068B81B /* GuideSelectedNew@1x.png */ = {isa = PBXFileReference; lastKnownFileType = image.png; path = "GuideSelectedNew@1x.png"; sourceTree = "<group>"; };
		7694E608232FFA4D0068B81B /* point.png */ = {isa = PBXFileReference; lastKnownFileType = image.png; path = point.png; sourceTree = "<group>"; };
		76BF0918232F9D810066E0A0 /* hhh.app */ = {isa = PBXFileReference; explicitFileType = wrapper.application; includeInIndex = 0; path = hhh.app; sourceTree = BUILT_PRODUCTS_DIR; };
		76BF091B232F9D810066E0A0 /* AppDelegate.swift */ = {isa = PBXFileReference; lastKnownFileType = sourcecode.swift; path = AppDelegate.swift; sourceTree = "<group>"; };
		76BF091D232F9D810066E0A0 /* ViewController.swift */ = {isa = PBXFileReference; lastKnownFileType = sourcecode.swift; path = ViewController.swift; sourceTree = "<group>"; };
		76BF0920232F9D810066E0A0 /* Base */ = {isa = PBXFileReference; lastKnownFileType = file.storyboard; name = Base; path = Base.lproj/Main.storyboard; sourceTree = "<group>"; };
		76BF0922232F9D820066E0A0 /* Assets.xcassets */ = {isa = PBXFileReference; lastKnownFileType = folder.assetcatalog; path = Assets.xcassets; sourceTree = "<group>"; };
		76BF0925232F9D820066E0A0 /* Base */ = {isa = PBXFileReference; lastKnownFileType = file.storyboard; name = Base; path = Base.lproj/LaunchScreen.storyboard; sourceTree = "<group>"; };
		76BF0927232F9D820066E0A0 /* Info.plist */ = {isa = PBXFileReference; lastKnownFileType = text.plist.xml; path = Info.plist; sourceTree = "<group>"; };
		76BF092C232F9D830066E0A0 /* MapsTests.xctest */ = {isa = PBXFileReference; explicitFileType = wrapper.cfbundle; includeInIndex = 0; path = MapsTests.xctest; sourceTree = BUILT_PRODUCTS_DIR; };
		76BF0930232F9D830066E0A0 /* MapsTests.swift */ = {isa = PBXFileReference; lastKnownFileType = sourcecode.swift; path = MapsTests.swift; sourceTree = "<group>"; };
		76BF0932232F9D830066E0A0 /* Info.plist */ = {isa = PBXFileReference; lastKnownFileType = text.plist.xml; path = Info.plist; sourceTree = "<group>"; };
		76BF0937232F9D830066E0A0 /* MapsUITests.xctest */ = {isa = PBXFileReference; explicitFileType = wrapper.cfbundle; includeInIndex = 0; path = MapsUITests.xctest; sourceTree = BUILT_PRODUCTS_DIR; };
		76BF093B232F9D830066E0A0 /* MapsUITests.swift */ = {isa = PBXFileReference; lastKnownFileType = sourcecode.swift; path = MapsUITests.swift; sourceTree = "<group>"; };
		76BF093D232F9D830066E0A0 /* Info.plist */ = {isa = PBXFileReference; lastKnownFileType = text.plist.xml; path = Info.plist; sourceTree = "<group>"; };
		76DB5F9F234CB2E900CF1FC2 /* Maps-Bridging-Header.h */ = {isa = PBXFileReference; lastKnownFileType = sourcecode.c.h; path = "Maps-Bridging-Header.h"; sourceTree = "<group>"; };
		76DB5FA0234CB2EA00CF1FC2 /* HBVLinkedTextView.h */ = {isa = PBXFileReference; fileEncoding = 4; lastKnownFileType = sourcecode.c.h; path = HBVLinkedTextView.h; sourceTree = "<group>"; };
		76DB5FA1234CB2EA00CF1FC2 /* HBVLinkedTextView.m */ = {isa = PBXFileReference; fileEncoding = 4; lastKnownFileType = sourcecode.c.objc; path = HBVLinkedTextView.m; sourceTree = "<group>"; };
/* End PBXFileReference section */

/* Begin PBXFrameworksBuildPhase section */
		76BF0915232F9D810066E0A0 /* Frameworks */ = {
			isa = PBXFrameworksBuildPhase;
			buildActionMask = 2147483647;
			files = (
			);
			runOnlyForDeploymentPostprocessing = 0;
		};
		76BF0929232F9D830066E0A0 /* Frameworks */ = {
			isa = PBXFrameworksBuildPhase;
			buildActionMask = 2147483647;
			files = (
			);
			runOnlyForDeploymentPostprocessing = 0;
		};
		76BF0934232F9D830066E0A0 /* Frameworks */ = {
			isa = PBXFrameworksBuildPhase;
			buildActionMask = 2147483647;
			files = (
			);
			runOnlyForDeploymentPostprocessing = 0;
		};
/* End PBXFrameworksBuildPhase section */

/* Begin PBXGroup section */
		76BF090F232F9D810066E0A0 = {
			isa = PBXGroup;
			children = (
				76BF091A232F9D810066E0A0 /* Maps */,
				76BF092F232F9D830066E0A0 /* MapsTests */,
				76BF093A232F9D830066E0A0 /* MapsUITests */,
				76BF0919232F9D810066E0A0 /* Products */,
			);
			sourceTree = "<group>";
		};
		76BF0919232F9D810066E0A0 /* Products */ = {
			isa = PBXGroup;
			children = (
				76BF0918232F9D810066E0A0 /* hhh.app */,
				76BF092C232F9D830066E0A0 /* MapsTests.xctest */,
				76BF0937232F9D830066E0A0 /* MapsUITests.xctest */,
			);
			name = Products;
			sourceTree = "<group>";
		};
		76BF091A232F9D810066E0A0 /* Maps */ = {
			isa = PBXGroup;
			children = (
				76BF091B232F9D810066E0A0 /* AppDelegate.swift */,
				76BF091D232F9D810066E0A0 /* ViewController.swift */,
				7694E604232FF2760068B81B /* GuideSelectedNew@1x.png */,
				76DB5FA0234CB2EA00CF1FC2 /* HBVLinkedTextView.h */,
				76DB5FA1234CB2EA00CF1FC2 /* HBVLinkedTextView.m */,
				76BF091F232F9D810066E0A0 /* Main.storyboard */,
				76BF0922232F9D820066E0A0 /* Assets.xcassets */,
				76BF0924232F9D820066E0A0 /* LaunchScreen.storyboard */,
				7694E608232FFA4D0068B81B /* point.png */,
				76BF0927232F9D820066E0A0 /* Info.plist */,
				76DB5F9F234CB2E900CF1FC2 /* Maps-Bridging-Header.h */,
			);
			path = Maps;
			sourceTree = "<group>";
		};
		76BF092F232F9D830066E0A0 /* MapsTests */ = {
			isa = PBXGroup;
			children = (
				76BF0930232F9D830066E0A0 /* MapsTests.swift */,
				76BF0932232F9D830066E0A0 /* Info.plist */,
			);
			path = MapsTests;
			sourceTree = "<group>";
		};
		76BF093A232F9D830066E0A0 /* MapsUITests */ = {
			isa = PBXGroup;
			children = (
				76BF093B232F9D830066E0A0 /* MapsUITests.swift */,
				76BF093D232F9D830066E0A0 /* Info.plist */,
			);
			path = MapsUITests;
			sourceTree = "<group>";
		};
/* End PBXGroup section */

/* Begin PBXNativeTarget section */
		76BF0917232F9D810066E0A0 /* Maps */ = {
			isa = PBXNativeTarget;
			buildConfigurationList = 76BF0940232F9D830066E0A0 /* Build configuration list for PBXNativeTarget "Maps" */;
			buildPhases = (
				76BF0914232F9D810066E0A0 /* Sources */,
				76BF0915232F9D810066E0A0 /* Frameworks */,
				76BF0916232F9D810066E0A0 /* Resources */,
			);
			buildRules = (
			);
			dependencies = (
			);
			name = Maps;
			productName = Maps;
			productReference = 76BF0918232F9D810066E0A0 /* hhh.app */;
			productType = "com.apple.product-type.application";
		};
		76BF092B232F9D830066E0A0 /* MapsTests */ = {
			isa = PBXNativeTarget;
			buildConfigurationList = 76BF0943232F9D830066E0A0 /* Build configuration list for PBXNativeTarget "MapsTests" */;
			buildPhases = (
				76BF0928232F9D830066E0A0 /* Sources */,
				76BF0929232F9D830066E0A0 /* Frameworks */,
				76BF092A232F9D830066E0A0 /* Resources */,
			);
			buildRules = (
			);
			dependencies = (
				76BF092E232F9D830066E0A0 /* PBXTargetDependency */,
			);
			name = MapsTests;
			productName = MapsTests;
			productReference = 76BF092C232F9D830066E0A0 /* MapsTests.xctest */;
			productType = "com.apple.product-type.bundle.unit-test";
		};
		76BF0936232F9D830066E0A0 /* MapsUITests */ = {
			isa = PBXNativeTarget;
			buildConfigurationList = 76BF0946232F9D830066E0A0 /* Build configuration list for PBXNativeTarget "MapsUITests" */;
			buildPhases = (
				76BF0933232F9D830066E0A0 /* Sources */,
				76BF0934232F9D830066E0A0 /* Frameworks */,
				76BF0935232F9D830066E0A0 /* Resources */,
			);
			buildRules = (
			);
			dependencies = (
				76BF0939232F9D830066E0A0 /* PBXTargetDependency */,
			);
			name = MapsUITests;
			productName = MapsUITests;
			productReference = 76BF0937232F9D830066E0A0 /* MapsUITests.xctest */;
			productType = "com.apple.product-type.bundle.ui-testing";
		};
/* End PBXNativeTarget section */

/* Begin PBXProject section */
		76BF0910232F9D810066E0A0 /* Project object */ = {
			isa = PBXProject;
			attributes = {
				LastSwiftUpdateCheck = 1030;
				LastUpgradeCheck = 1030;
				ORGANIZATIONNAME = Indium;
				TargetAttributes = {
					76BF0917232F9D810066E0A0 = {
						CreatedOnToolsVersion = 10.3;
						LastSwiftMigration = 1030;
					};
					76BF092B232F9D830066E0A0 = {
						CreatedOnToolsVersion = 10.3;
						TestTargetID = 76BF0917232F9D810066E0A0;
					};
					76BF0936232F9D830066E0A0 = {
						CreatedOnToolsVersion = 10.3;
						TestTargetID = 76BF0917232F9D810066E0A0;
					};
				};
			};
			buildConfigurationList = 76BF0913232F9D810066E0A0 /* Build configuration list for PBXProject "Maps" */;
			compatibilityVersion = "Xcode 9.3";
			developmentRegion = en;
			hasScannedForEncodings = 0;
			knownRegions = (
				en,
				Base,
			);
			mainGroup = 76BF090F232F9D810066E0A0;
			productRefGroup = 76BF0919232F9D810066E0A0 /* Products */;
			projectDirPath = "";
			projectRoot = "";
			targets = (
				76BF0917232F9D810066E0A0 /* Maps */,
				76BF092B232F9D830066E0A0 /* MapsTests */,
				76BF0936232F9D830066E0A0 /* MapsUITests */,
			);
		};
/* End PBXProject section */

/* Begin PBXResourcesBuildPhase section */
		76BF0916232F9D810066E0A0 /* Resources */ = {
			isa = PBXResourcesBuildPhase;
			buildActionMask = 2147483647;
			files = (
				7694E605232FF2770068B81B /* GuideSelectedNew@1x.png in Resources */,
				76BF0926232F9D820066E0A0 /* LaunchScreen.storyboard in Resources */,
				7694E609232FFA4D0068B81B /* point.png in Resources */,
				76BF0923232F9D820066E0A0 /* Assets.xcassets in Resources */,
				76BF0921232F9D810066E0A0 /* Main.storyboard in Resources */,
			);
			runOnlyForDeploymentPostprocessing = 0;
		};
		76BF092A232F9D830066E0A0 /* Resources */ = {
			isa = PBXResourcesBuildPhase;
			buildActionMask = 2147483647;
			files = (
			);
			runOnlyForDeploymentPostprocessing = 0;
		};
		76BF0935232F9D830066E0A0 /* Resources */ = {
			isa = PBXResourcesBuildPhase;
			buildActionMask = 2147483647;
			files = (
			);
			runOnlyForDeploymentPostprocessing = 0;
		};
/* End PBXResourcesBuildPhase section */

/* Begin PBXSourcesBuildPhase section */
		76BF0914232F9D810066E0A0 /* Sources */ = {
			isa = PBXSourcesBuildPhase;
			buildActionMask = 2147483647;
			files = (
				76BF091E232F9D810066E0A0 /* ViewController.swift in Sources */,
				76DB5FA2234CB2EA00CF1FC2 /* HBVLinkedTextView.m in Sources */,
				76BF091C232F9D810066E0A0 /* AppDelegate.swift in Sources */,
			);
			runOnlyForDeploymentPostprocessing = 0;
		};
		76BF0928232F9D830066E0A0 /* Sources */ = {
			isa = PBXSourcesBuildPhase;
			buildActionMask = 2147483647;
			files = (
				76BF0931232F9D830066E0A0 /* MapsTests.swift in Sources */,
			);
			runOnlyForDeploymentPostprocessing = 0;
		};
		76BF0933232F9D830066E0A0 /* Sources */ = {
			isa = PBXSourcesBuildPhase;
			buildActionMask = 2147483647;
			files = (
				76BF093C232F9D830066E0A0 /* MapsUITests.swift in Sources */,
			);
			runOnlyForDeploymentPostprocessing = 0;
		};
/* End PBXSourcesBuildPhase section */

/* Begin PBXTargetDependency section */
		76BF092E232F9D830066E0A0 /* PBXTargetDependency */ = {
			isa = PBXTargetDependency;
			target = 76BF0917232F9D810066E0A0 /* Maps */;
			targetProxy = 76BF092D232F9D830066E0A0 /* PBXContainerItemProxy */;
		};
		76BF0939232F9D830066E0A0 /* PBXTargetDependency */ = {
			isa = PBXTargetDependency;
			target = 76BF0917232F9D810066E0A0 /* Maps */;
			targetProxy = 76BF0938232F9D830066E0A0 /* PBXContainerItemProxy */;
		};
/* End PBXTargetDependency section */

/* Begin PBXVariantGroup section */
		76BF091F232F9D810066E0A0 /* Main.storyboard */ = {
			isa = PBXVariantGroup;
			children = (
				76BF0920232F9D810066E0A0 /* Base */,
			);
			name = Main.storyboard;
			sourceTree = "<group>";
		};
		76BF0924232F9D820066E0A0 /* LaunchScreen.storyboard */ = {
			isa = PBXVariantGroup;
			children = (
				76BF0925232F9D820066E0A0 /* Base */,
			);
			name = LaunchScreen.storyboard;
			sourceTree = "<group>";
		};
/* End PBXVariantGroup section */

/* Begin XCBuildConfiguration section */
		76B6700B23E7130F0065B596 /* Debug 2 */ = {
			isa = XCBuildConfiguration;
			buildSettings = {
				ALWAYS_SEARCH_USER_PATHS = NO;
				CLANG_ANALYZER_NONNULL = YES;
				CLANG_ANALYZER_NUMBER_OBJECT_CONVERSION = YES_AGGRESSIVE;
				CLANG_CXX_LANGUAGE_STANDARD = "gnu++14";
				CLANG_CXX_LIBRARY = "libc++";
				CLANG_ENABLE_MODULES = YES;
				CLANG_ENABLE_OBJC_ARC = YES;
				CLANG_ENABLE_OBJC_WEAK = YES;
				CLANG_WARN_BLOCK_CAPTURE_AUTORELEASING = YES;
				CLANG_WARN_BOOL_CONVERSION = YES;
				CLANG_WARN_COMMA = YES;
				CLANG_WARN_CONSTANT_CONVERSION = YES;
				CLANG_WARN_DEPRECATED_OBJC_IMPLEMENTATIONS = YES;
				CLANG_WARN_DIRECT_OBJC_ISA_USAGE = YES_ERROR;
				CLANG_WARN_DOCUMENTATION_COMMENTS = YES;
				CLANG_WARN_EMPTY_BODY = YES;
				CLANG_WARN_ENUM_CONVERSION = YES;
				CLANG_WARN_INFINITE_RECURSION = YES;
				CLANG_WARN_INT_CONVERSION = YES;
				CLANG_WARN_NON_LITERAL_NULL_CONVERSION = YES;
				CLANG_WARN_OBJC_IMPLICIT_RETAIN_SELF = YES;
				CLANG_WARN_OBJC_LITERAL_CONVERSION = YES;
				CLANG_WARN_OBJC_ROOT_CLASS = YES_ERROR;
				CLANG_WARN_RANGE_LOOP_ANALYSIS = YES;
				CLANG_WARN_STRICT_PROTOTYPES = YES;
				CLANG_WARN_SUSPICIOUS_MOVE = YES;
				CLANG_WARN_UNGUARDED_AVAILABILITY = YES_AGGRESSIVE;
				CLANG_WARN_UNREACHABLE_CODE = YES;
				CLANG_WARN__DUPLICATE_METHOD_MATCH = YES;
				CODE_SIGN_IDENTITY = "iPhone Developer";
				COPY_PHASE_STRIP = NO;
				DEBUG_INFORMATION_FORMAT = dwarf;
				ENABLE_STRICT_OBJC_MSGSEND = YES;
				ENABLE_TESTABILITY = YES;
				GCC_C_LANGUAGE_STANDARD = gnu11;
				GCC_DYNAMIC_NO_PIC = NO;
				GCC_NO_COMMON_BLOCKS = YES;
				GCC_OPTIMIZATION_LEVEL = 0;
				GCC_PREPROCESSOR_DEFINITIONS = (
					"DEBUG=1",
					"$(inherited)",
				);
				GCC_WARN_64_TO_32_BIT_CONVERSION = YES;
				GCC_WARN_ABOUT_RETURN_TYPE = YES_ERROR;
				GCC_WARN_UNDECLARED_SELECTOR = YES;
				GCC_WARN_UNINITIALIZED_AUTOS = YES_AGGRESSIVE;
				GCC_WARN_UNUSED_FUNCTION = YES;
				GCC_WARN_UNUSED_VARIABLE = YES;
				IPHONEOS_DEPLOYMENT_TARGET = 12.4;
				MTL_ENABLE_DEBUG_INFO = INCLUDE_SOURCE;
				MTL_FAST_MATH = YES;
				ONLY_ACTIVE_ARCH = YES;
				SDKROOT = iphoneos;
				SWIFT_ACTIVE_COMPILATION_CONDITIONS = DEBUG;
				SWIFT_OPTIMIZATION_LEVEL = "-Onone";
			};
			name = "Debug 2";
		};
		76B6700C23E7130F0065B596 /* Debug 2 */ = {
			isa = XCBuildConfiguration;
			buildSettings = {
				ASSETCATALOG_COMPILER_APPICON_NAME = AppIcon;
				BUNDLE_ID = com.ind.debug2;
				CLANG_ENABLE_MODULES = YES;
				CODE_SIGN_STYLE = Automatic;
				DEVELOPMENT_TEAM = UW43JXBPWA;
				INFOPLIST_FILE = Maps/Info.plist;
				LD_RUNPATH_SEARCH_PATHS = (
					"$(inherited)",
					"@executable_path/Frameworks",
				);
				PRODUCT_BUNDLE_IDENTIFIER = com.indium.Maps2;
				PRODUCT_NAME = mmm;
				SWIFT_OBJC_BRIDGING_HEADER = "Maps/Maps-Bridging-Header.h";
				SWIFT_OPTIMIZATION_LEVEL = "-Onone";
				SWIFT_VERSION = 5.0;
				TARGETED_DEVICE_FAMILY = "1,2";
			};
			name = "Debug 2";
		};
		76B6700D23E7130F0065B596 /* Debug 2 */ = {
			isa = XCBuildConfiguration;
			buildSettings = {
				ALWAYS_EMBED_SWIFT_STANDARD_LIBRARIES = YES;
				BUNDLE_LOADER = "$(TEST_HOST)";
				CODE_SIGN_STYLE = Automatic;
				INFOPLIST_FILE = MapsTests/Info.plist;
				LD_RUNPATH_SEARCH_PATHS = (
					"$(inherited)",
					"@executable_path/Frameworks",
					"@loader_path/Frameworks",
				);
				PRODUCT_BUNDLE_IDENTIFIER = com.indium.MapsTests;
				PRODUCT_NAME = "$(TARGET_NAME)";
				SWIFT_VERSION = 5.0;
				TARGETED_DEVICE_FAMILY = "1,2";
				TEST_HOST = "$(BUILT_PRODUCTS_DIR)/Maps.app/Maps";
			};
			name = "Debug 2";
		};
		76B6700E23E7130F0065B596 /* Debug 2 */ = {
			isa = XCBuildConfiguration;
			buildSettings = {
				ALWAYS_EMBED_SWIFT_STANDARD_LIBRARIES = YES;
				CODE_SIGN_STYLE = Automatic;
				INFOPLIST_FILE = MapsUITests/Info.plist;
				LD_RUNPATH_SEARCH_PATHS = (
					"$(inherited)",
					"@executable_path/Frameworks",
					"@loader_path/Frameworks",
				);
				PRODUCT_BUNDLE_IDENTIFIER = com.indium.MapsUITests;
				PRODUCT_NAME = "$(TARGET_NAME)";
				SWIFT_VERSION = 5.0;
				TARGETED_DEVICE_FAMILY = "1,2";
				TEST_TARGET_NAME = Maps;
			};
			name = "Debug 2";
		};
		76BF093E232F9D830066E0A0 /* Debug */ = {
			isa = XCBuildConfiguration;
			buildSettings = {
				ALWAYS_SEARCH_USER_PATHS = NO;
				CLANG_ANALYZER_NONNULL = YES;
				CLANG_ANALYZER_NUMBER_OBJECT_CONVERSION = YES_AGGRESSIVE;
				CLANG_CXX_LANGUAGE_STANDARD = "gnu++14";
				CLANG_CXX_LIBRARY = "libc++";
				CLANG_ENABLE_MODULES = YES;
				CLANG_ENABLE_OBJC_ARC = YES;
				CLANG_ENABLE_OBJC_WEAK = YES;
				CLANG_WARN_BLOCK_CAPTURE_AUTORELEASING = YES;
				CLANG_WARN_BOOL_CONVERSION = YES;
				CLANG_WARN_COMMA = YES;
				CLANG_WARN_CONSTANT_CONVERSION = YES;
				CLANG_WARN_DEPRECATED_OBJC_IMPLEMENTATIONS = YES;
				CLANG_WARN_DIRECT_OBJC_ISA_USAGE = YES_ERROR;
				CLANG_WARN_DOCUMENTATION_COMMENTS = YES;
				CLANG_WARN_EMPTY_BODY = YES;
				CLANG_WARN_ENUM_CONVERSION = YES;
				CLANG_WARN_INFINITE_RECURSION = YES;
				CLANG_WARN_INT_CONVERSION = YES;
				CLANG_WARN_NON_LITERAL_NULL_CONVERSION = YES;
				CLANG_WARN_OBJC_IMPLICIT_RETAIN_SELF = YES;
				CLANG_WARN_OBJC_LITERAL_CONVERSION = YES;
				CLANG_WARN_OBJC_ROOT_CLASS = YES_ERROR;
				CLANG_WARN_RANGE_LOOP_ANALYSIS = YES;
				CLANG_WARN_STRICT_PROTOTYPES = YES;
				CLANG_WARN_SUSPICIOUS_MOVE = YES;
				CLANG_WARN_UNGUARDED_AVAILABILITY = YES_AGGRESSIVE;
				CLANG_WARN_UNREACHABLE_CODE = YES;
				CLANG_WARN__DUPLICATE_METHOD_MATCH = YES;
				CODE_SIGN_IDENTITY = "iPhone Developer";
				COPY_PHASE_STRIP = NO;
				DEBUG_INFORMATION_FORMAT = dwarf;
				ENABLE_STRICT_OBJC_MSGSEND = YES;
				ENABLE_TESTABILITY = YES;
				GCC_C_LANGUAGE_STANDARD = gnu11;
				GCC_DYNAMIC_NO_PIC = NO;
				GCC_NO_COMMON_BLOCKS = YES;
				GCC_OPTIMIZATION_LEVEL = 0;
				GCC_PREPROCESSOR_DEFINITIONS = (
					"DEBUG=1",
					"$(inherited)",
				);
				GCC_WARN_64_TO_32_BIT_CONVERSION = YES;
				GCC_WARN_ABOUT_RETURN_TYPE = YES_ERROR;
				GCC_WARN_UNDECLARED_SELECTOR = YES;
				GCC_WARN_UNINITIALIZED_AUTOS = YES_AGGRESSIVE;
				GCC_WARN_UNUSED_FUNCTION = YES;
				GCC_WARN_UNUSED_VARIABLE = YES;
				IPHONEOS_DEPLOYMENT_TARGET = 12.4;
				MTL_ENABLE_DEBUG_INFO = INCLUDE_SOURCE;
				MTL_FAST_MATH = YES;
				ONLY_ACTIVE_ARCH = YES;
				SDKROOT = iphoneos;
				SWIFT_ACTIVE_COMPILATION_CONDITIONS = DEBUG;
				SWIFT_OPTIMIZATION_LEVEL = "-Onone";
			};
			name = Debug;
		};
		76BF093F232F9D830066E0A0 /* Release */ = {
			isa = XCBuildConfiguration;
			buildSettings = {
				ALWAYS_SEARCH_USER_PATHS = NO;
				CLANG_ANALYZER_NONNULL = YES;
				CLANG_ANALYZER_NUMBER_OBJECT_CONVERSION = YES_AGGRESSIVE;
				CLANG_CXX_LANGUAGE_STANDARD = "gnu++14";
				CLANG_CXX_LIBRARY = "libc++";
				CLANG_ENABLE_MODULES = YES;
				CLANG_ENABLE_OBJC_ARC = YES;
				CLANG_ENABLE_OBJC_WEAK = YES;
				CLANG_WARN_BLOCK_CAPTURE_AUTORELEASING = YES;
				CLANG_WARN_BOOL_CONVERSION = YES;
				CLANG_WARN_COMMA = YES;
				CLANG_WARN_CONSTANT_CONVERSION = YES;
				CLANG_WARN_DEPRECATED_OBJC_IMPLEMENTATIONS = YES;
				CLANG_WARN_DIRECT_OBJC_ISA_USAGE = YES_ERROR;
				CLANG_WARN_DOCUMENTATION_COMMENTS = YES;
				CLANG_WARN_EMPTY_BODY = YES;
				CLANG_WARN_ENUM_CONVERSION = YES;
				CLANG_WARN_INFINITE_RECURSION = YES;
				CLANG_WARN_INT_CONVERSION = YES;
				CLANG_WARN_NON_LITERAL_NULL_CONVERSION = YES;
				CLANG_WARN_OBJC_IMPLICIT_RETAIN_SELF = YES;
				CLANG_WARN_OBJC_LITERAL_CONVERSION = YES;
				CLANG_WARN_OBJC_ROOT_CLASS = YES_ERROR;
				CLANG_WARN_RANGE_LOOP_ANALYSIS = YES;
				CLANG_WARN_STRICT_PROTOTYPES = YES;
				CLANG_WARN_SUSPICIOUS_MOVE = YES;
				CLANG_WARN_UNGUARDED_AVAILABILITY = YES_AGGRESSIVE;
				CLANG_WARN_UNREACHABLE_CODE = YES;
				CLANG_WARN__DUPLICATE_METHOD_MATCH = YES;
				CODE_SIGN_IDENTITY = "iPhone Developer";
				COPY_PHASE_STRIP = NO;
				DEBUG_INFORMATION_FORMAT = "dwarf-with-dsym";
				ENABLE_NS_ASSERTIONS = NO;
				ENABLE_STRICT_OBJC_MSGSEND = YES;
				GCC_C_LANGUAGE_STANDARD = gnu11;
				GCC_NO_COMMON_BLOCKS = YES;
				GCC_WARN_64_TO_32_BIT_CONVERSION = YES;
				GCC_WARN_ABOUT_RETURN_TYPE = YES_ERROR;
				GCC_WARN_UNDECLARED_SELECTOR = YES;
				GCC_WARN_UNINITIALIZED_AUTOS = YES_AGGRESSIVE;
				GCC_WARN_UNUSED_FUNCTION = YES;
				GCC_WARN_UNUSED_VARIABLE = YES;
				IPHONEOS_DEPLOYMENT_TARGET = 12.4;
				MTL_ENABLE_DEBUG_INFO = NO;
				MTL_FAST_MATH = YES;
				SDKROOT = iphoneos;
				SWIFT_COMPILATION_MODE = wholemodule;
				SWIFT_OPTIMIZATION_LEVEL = "-O";
				VALIDATE_PRODUCT = YES;
			};
			name = Release;
		};
		76BF0941232F9D830066E0A0 /* Debug */ = {
			isa = XCBuildConfiguration;
			buildSettings = {
				ASSETCATALOG_COMPILER_APPICON_NAME = AppIcon;
				BUNDLE_ID = com.ind.debug;
				CLANG_ENABLE_MODULES = YES;
				CODE_SIGN_STYLE = Manual;
				DEVELOPMENT_TEAM = "";
				INFOPLIST_FILE = Maps/Info.plist;
				LD_RUNPATH_SEARCH_PATHS = (
					"$(inherited)",
					"@executable_path/Frameworks",
				);
				PRODUCT_BUNDLE_IDENTIFIER = com.indium.Maps;
				PRODUCT_NAME = hhh;
				PROVISIONING_PROFILE_SPECIFIER = "";
				SWIFT_OBJC_BRIDGING_HEADER = "Maps/Maps-Bridging-Header.h";
				SWIFT_OPTIMIZATION_LEVEL = "-Onone";
				SWIFT_VERSION = 5.0;
				TARGETED_DEVICE_FAMILY = "1,2";
			};
			name = Debug;
		};
		76BF0942232F9D830066E0A0 /* Release */ = {
			isa = XCBuildConfiguration;
			buildSettings = {
				ASSETCATALOG_COMPILER_APPICON_NAME = AppIcon;
				BUNDLE_ID = com.ind.rel;
				CLANG_ENABLE_MODULES = YES;
				CODE_SIGN_STYLE = Manual;
				DEVELOPMENT_TEAM = "";
				INFOPLIST_FILE = Maps/Info.plist;
				LD_RUNPATH_SEARCH_PATHS = (
					"$(inherited)",
					"@executable_path/Frameworks",
				);
				"MTL_FAST_MATH[arch=*]" = YES;
				PRODUCT_BUNDLE_IDENTIFIER = com.indium.Maps;
				PRODUCT_NAME = hhh;
				PROVISIONING_PROFILE_SPECIFIER = "";
				SWIFT_OBJC_BRIDGING_HEADER = "Maps/Maps-Bridging-Header.h";
				SWIFT_VERSION = 5.0;
				TARGETED_DEVICE_FAMILY = "1,2";
			};
			name = Release;
		};
		76BF0944232F9D830066E0A0 /* Debug */ = {
			isa = XCBuildConfiguration;
			buildSettings = {
				ALWAYS_EMBED_SWIFT_STANDARD_LIBRARIES = YES;
				BUNDLE_LOADER = "$(TEST_HOST)";
				CODE_SIGN_STYLE = Automatic;
				INFOPLIST_FILE = MapsTests/Info.plist;
				LD_RUNPATH_SEARCH_PATHS = (
					"$(inherited)",
					"@executable_path/Frameworks",
					"@loader_path/Frameworks",
				);
				PRODUCT_BUNDLE_IDENTIFIER = com.indium.MapsTests;
				PRODUCT_NAME = "$(TARGET_NAME)";
				SWIFT_VERSION = 5.0;
				TARGETED_DEVICE_FAMILY = "1,2";
				TEST_HOST = "$(BUILT_PRODUCTS_DIR)/Maps.app/Maps";
			};
			name = Debug;
		};
		76BF0945232F9D830066E0A0 /* Release */ = {
			isa = XCBuildConfiguration;
			buildSettings = {
				ALWAYS_EMBED_SWIFT_STANDARD_LIBRARIES = YES;
				BUNDLE_LOADER = "$(TEST_HOST)";
				CODE_SIGN_STYLE = Automatic;
				INFOPLIST_FILE = MapsTests/Info.plist;
				LD_RUNPATH_SEARCH_PATHS = (
					"$(inherited)",
					"@executable_path/Frameworks",
					"@loader_path/Frameworks",
				);
				PRODUCT_BUNDLE_IDENTIFIER = com.indium.MapsTests;
				PRODUCT_NAME = "$(TARGET_NAME)";
				SWIFT_VERSION = 5.0;
				TARGETED_DEVICE_FAMILY = "1,2";
				TEST_HOST = "$(BUILT_PRODUCTS_DIR)/Maps.app/Maps";
			};
			name = Release;
		};
		76BF0947232F9D830066E0A0 /* Debug */ = {
			isa = XCBuildConfiguration;
			buildSettings = {
				ALWAYS_EMBED_SWIFT_STANDARD_LIBRARIES = YES;
				CODE_SIGN_STYLE = Automatic;
				INFOPLIST_FILE = MapsUITests/Info.plist;
				LD_RUNPATH_SEARCH_PATHS = (
					"$(inherited)",
					"@executable_path/Frameworks",
					"@loader_path/Frameworks",
				);
				PRODUCT_BUNDLE_IDENTIFIER = com.indium.MapsUITests;
				PRODUCT_NAME = "$(TARGET_NAME)";
				SWIFT_VERSION = 5.0;
				TARGETED_DEVICE_FAMILY = "1,2";
				TEST_TARGET_NAME = Maps;
			};
			name = Debug;
		};
		76BF0948232F9D830066E0A0 /* Release */ = {
			isa = XCBuildConfiguration;
			buildSettings = {
				ALWAYS_EMBED_SWIFT_STANDARD_LIBRARIES = YES;
				CODE_SIGN_STYLE = Automatic;
				INFOPLIST_FILE = MapsUITests/Info.plist;
				LD_RUNPATH_SEARCH_PATHS = (
					"$(inherited)",
					"@executable_path/Frameworks",
					"@loader_path/Frameworks",
				);
				PRODUCT_BUNDLE_IDENTIFIER = com.indium.MapsUITests;
				PRODUCT_NAME = "$(TARGET_NAME)";
				SWIFT_VERSION = 5.0;
				TARGETED_DEVICE_FAMILY = "1,2";
				TEST_TARGET_NAME = Maps;
			};
			name = Release;
		};
/* End XCBuildConfiguration section */

/* Begin XCConfigurationList section */
		76BF0913232F9D810066E0A0 /* Build configuration list for PBXProject "Maps" */ = {
			isa = XCConfigurationList;
			buildConfigurations = (
				76BF093E232F9D830066E0A0 /* Debug */,
				76B6700B23E7130F0065B596 /* Debug 2 */,
				76BF093F232F9D830066E0A0 /* Release */,
			);
			defaultConfigurationIsVisible = 0;
			defaultConfigurationName = Release;
		};
		76BF0940232F9D830066E0A0 /* Build configuration list for PBXNativeTarget "Maps" */ = {
			isa = XCConfigurationList;
			buildConfigurations = (
				76BF0941232F9D830066E0A0 /* Debug */,
				76B6700C23E7130F0065B596 /* Debug 2 */,
				76BF0942232F9D830066E0A0 /* Release */,
			);
			defaultConfigurationIsVisible = 0;
			defaultConfigurationName = Release;
		};
		76BF0943232F9D830066E0A0 /* Build configuration list for PBXNativeTarget "MapsTests" */ = {
			isa = XCConfigurationList;
			buildConfigurations = (
				76BF0944232F9D830066E0A0 /* Debug */,
				76B6700D23E7130F0065B596 /* Debug 2 */,
				76BF0945232F9D830066E0A0 /* Release */,
			);
			defaultConfigurationIsVisible = 0;
			defaultConfigurationName = Release;
		};
		76BF0946232F9D830066E0A0 /* Build configuration list for PBXNativeTarget "MapsUITests" */ = {
			isa = XCConfigurationList;
			buildConfigurations = (
				76BF0947232F9D830066E0A0 /* Debug */,
				76B6700E23E7130F0065B596 /* Debug 2 */,
				76BF0948232F9D830066E0A0 /* Release */,
			);
			defaultConfigurationIsVisible = 0;
			defaultConfigurationName = Release;
		};
/* End XCConfigurationList section */
	};
	rootObject = 76BF0910232F9D810066E0A0 /* Project object */;
}
